{
	"name": "sling-web-business-payment-details-summary",
	"version": "1.7.0",
	"lockfileVersion": 1,
	"requires": true,
	"dependencies": {
		"customer-js-sdk": {
			"version": "1.3.0",
			"resolved": "https://registry.npmjs.org/customer-js-sdk/-/customer-js-sdk-1.3.0.tgz",
			"integrity": "sha512-cgaeHJAA4kI+6vQN/a5hxtyz5rXaeb30oql84RV6a7A+ET8E7ljylVHtXgLMLOT7Si9GQE/DWK6Iia6D0qXpAA==",
			"requires": {
				"redux": "4.0.0",
				"redux-thunk": "2.3.0",
				"sling-helpers": "1.7.0",
				"sling-web-component-sdk-connect": "1.7.0"
			}
		},
		"imask": {
			"version": "4.0.0",
			"resolved": "https://registry.npmjs.org/imask/-/imask-4.0.0.tgz",
			"integrity": "sha512-OzPbizQl0EIxgoTPKR5x8UgzVxxNU4huTfxIMsXfUhX8XeF6S3e6TIxAaHlhWgaFvDeITSOLZ4iM2/ynkjyBkA=="
		},
		"js-tokens": {
			"version": "4.0.0",
			"resolved": "https://registry.npmjs.org/js-tokens/-/js-tokens-4.0.0.tgz",
			"integrity": "sha512-RdJUflcE3cUzKiMqQgsCu06FPu9UdIJO0beYbPhHN4k6apgJtifcoCtT9bcxOpYBtpD2kCM6Sbzg4CausW/PKQ=="
		},
		"loose-envify": {
			"version": "1.4.0",
			"resolved": "https://registry.npmjs.org/loose-envify/-/loose-envify-1.4.0.tgz",
			"integrity": "sha512-lyuxPGr/Wfhrlem2CL/UcnUc1zcqKAImBDzukY7Y5F/yQiNdko6+fRLevlw1HgMySw7f611UIY408EtxRSoK3Q==",
			"requires": {
				"js-tokens": "4.0.0"
			}
		},
		"moment": {
			"version": "2.22.2",
			"resolved": "https://registry.npmjs.org/moment/-/moment-2.22.2.tgz",
			"integrity": "sha1-PCV/mDn8DpP/UxSWMiOeuQeD/2Y="
		},
		"redux": {
			"version": "4.0.0",
			"resolved": "https://registry.npmjs.org/redux/-/redux-4.0.0.tgz",
			"integrity": "sha512-NnnHF0h0WVE/hXyrB6OlX67LYRuaf/rJcbWvnHHEPCF/Xa/AZpwhs/20WyqzQae5x4SD2F9nPObgBh2rxAgLiA==",
			"requires": {
				"loose-envify": "1.4.0",
				"symbol-observable": "1.2.0"
			}
		},
		"redux-thunk": {
			"version": "2.3.0",
			"resolved": "https://registry.npmjs.org/redux-thunk/-/redux-thunk-2.3.0.tgz",
			"integrity": "sha512-km6dclyFnmcvxhAcrQV2AkZmPQjzPDjgVlQtR0EQjxZPyJ0BnMf3in1ryuR8A2qU0HldVRfxYXbFSKlI3N7Slw=="
		},
		"sling-framework": {
			"version": "1.7.0",
			"resolved": "https://registry.npmjs.org/sling-framework/-/sling-framework-1.7.0.tgz",
			"integrity": "sha512-+jOAcAgEppP8LUtUmdioK5sm9XaG6KEoOzZNYIIxgN8DcNXgswvYOM+njXw6PbvL1saPLJnlLEHoxDUEEI0djA==",
			"requires": {
				"sling-helpers": "1.7.0"
			}
		},
		"sling-helpers": {
			"version": "1.7.0",
			"resolved": "https://registry.npmjs.org/sling-helpers/-/sling-helpers-1.7.0.tgz",
			"integrity": "sha512-TELG30u/ETB7e0vOiJoxF0FujPs2L3JIUau2jzzQndboDBuFXjffrjf2OsgnT7d29lTHJ3Zv3CWY94++RbR49Q==",
			"requires": {
				"moment": "2.22.2"
			}
		},
		"sling-web-component-brand-icon": {
			"version": "1.7.0",
			"resolved": "https://registry.npmjs.org/sling-web-component-brand-icon/-/sling-web-component-brand-icon-1.7.0.tgz",
			"integrity": "sha512-O6iTjfN0LP2eMzkYQy3kXUggxjBtB+Hlsqp/+FHlj+aayxsiHZdfnY1UQb0+3f9hI2plcZU9qWwSULQzouScBA==",
			"requires": {
				"sling-framework": "1.7.0",
				"sling-helpers": "1.7.0"
			}
		},
		"sling-web-component-button": {
			"version": "1.7.0",
			"resolved": "https://registry.npmjs.org/sling-web-component-button/-/sling-web-component-button-1.7.0.tgz",
			"integrity": "sha512-i/6Mmese2F7GBUxOe3npxsj+1y5d4TArQnxJqW+kKvxps3JWXLzbfOg4M+r/vB6ZA1wHQ4Ex4DkREVjmIapk8w==",
			"requires": {
				"sling-framework": "1.7.0",
				"sling-helpers": "1.7.0"
			}
		},
		"sling-web-component-card": {
			"version": "1.7.0",
			"resolved": "https://registry.npmjs.org/sling-web-component-card/-/sling-web-component-card-1.7.0.tgz",
			"integrity": "sha512-YsC7ykUySfT4hwLzHvexh7Qb7fE2PR9ymhm49oEDnbyN2bmfjyeWhFYk+GcrRcRM0jUGnweTt6+r8pycxIqMPw==",
			"requires": {
				"sling-framework": "1.7.0",
				"sling-helpers": "1.7.0"
			}
		},
		"sling-web-component-sdk-connect": {
			"version": "1.7.0",
			"resolved": "https://registry.npmjs.org/sling-web-component-sdk-connect/-/sling-web-component-sdk-connect-1.7.0.tgz",
			"integrity": "sha512-bTLC/gsxYMwvw9wZ1ju3XmAxE46RXcvU0b7IQ+NwB45koPeMjBCyBTGc1KSv+oPDdVpezpMeGO/IInunIjW8mA==",
			"requires": {
				"sling-helpers": "1.7.0"
			}
		},
		"sling-web-component-table": {
			"version": "1.7.0",
			"resolved": "https://registry.npmjs.org/sling-web-component-table/-/sling-web-component-table-1.7.0.tgz",
			"integrity": "sha512-O57vRChZBR7YLy9rzqQySytiDFEHP1ZuD368pqbTI4TfVq4bLX8h/rKz3jXL4NgzdXgvrEuJyG/Wi70pmO/Lsw==",
			"requires": {
				"imask": "4.0.0",
				"sling-framework": "1.7.0",
				"sling-helpers": "1.7.0",
				"sling-web-component-brand-icon": "1.7.0"
			}
		},
		"symbol-observable": {
			"version": "1.2.0",
			"resolved": "https://registry.npmjs.org/symbol-observable/-/symbol-observable-1.2.0.tgz",
			"integrity": "sha512-e900nM8RRtGhlV36KGEU9k65K3mPb1WV70OdjfxlG2EAuM1noi/E/BaW/uMhL7bPEssK8QV57vN3esixjUvcXQ=="
		}
	}
}
