{
	"name": "affiliation-merchant-bank-accounts",
	"version": "1.1.2",
	"lockfileVersion": 1,
	"requires": true,
	"dependencies": {
		"customer-js-sdk": {
			"version": "1.26.0",
			"resolved": "https://registry.npmjs.org/customer-js-sdk/-/customer-js-sdk-1.26.0.tgz",
			"integrity": "sha512-xZpqh1Ub4a7+VbdU9daQJ93eVrg1qHghjR483b5lyom0+f6ULATCWox8nHxwQUmFwRrfrRUSPL5d4+9l2r5W8A==",
			"requires": {
				"redux": "^4.0.0",
				"redux-thunk": "^2.3.0",
				"sling-helpers": "^1.12.2",
				"sling-web-component-sdk-connect": "^1.7.0"
			}
		},
		"imask": {
			"version": "4.1.5",
			"resolved": "https://registry.npmjs.org/imask/-/imask-4.1.5.tgz",
			"integrity": "sha512-n9e3KkJxe6YZKueT02I8/tXpC0vzxmSzoBB5BPi6OPq0rp7qOZfXN5777Dkw6WEYRswlsxm+7pl7WocsG0LWyA=="
		},
		"is-plain-object": {
			"version": "2.0.4",
			"resolved": "https://registry.npmjs.org/is-plain-object/-/is-plain-object-2.0.4.tgz",
			"integrity": "sha512-h5PpgXkWitc38BBMYawTYMWJHFZJVnBquFE57xFpjB8pJFiF6gZ+bU+WyI/yqXiFR5mdLsgYNaPe8uao6Uv9Og==",
			"requires": {
				"isobject": "^3.0.1"
			}
		},
		"isobject": {
			"version": "3.0.1",
			"resolved": "https://registry.npmjs.org/isobject/-/isobject-3.0.1.tgz",
			"integrity": "sha1-TkMekrEalzFjaqH5yNHMvP2reN8="
		},
		"js-tokens": {
			"version": "4.0.0",
			"resolved": "https://registry.npmjs.org/js-tokens/-/js-tokens-4.0.0.tgz",
			"integrity": "sha512-RdJUflcE3cUzKiMqQgsCu06FPu9UdIJO0beYbPhHN4k6apgJtifcoCtT9bcxOpYBtpD2kCM6Sbzg4CausW/PKQ=="
		},
		"loose-envify": {
			"version": "1.4.0",
			"resolved": "https://registry.npmjs.org/loose-envify/-/loose-envify-1.4.0.tgz",
			"integrity": "sha512-lyuxPGr/Wfhrlem2CL/UcnUc1zcqKAImBDzukY7Y5F/yQiNdko6+fRLevlw1HgMySw7f611UIY408EtxRSoK3Q==",
			"requires": {
				"js-tokens": "^3.0.0 || ^4.0.0"
			}
		},
		"moment": {
			"version": "2.24.0",
			"resolved": "https://registry.npmjs.org/moment/-/moment-2.24.0.tgz",
			"integrity": "sha512-bV7f+6l2QigeBBZSM/6yTNq4P2fNpSWj/0e7jQcy87A8e7o2nAfP/34/2ky5Vw4B9S446EtIhodAzkFCcR4dQg=="
		},
		"redux": {
			"version": "4.0.1",
			"resolved": "https://registry.npmjs.org/redux/-/redux-4.0.1.tgz",
			"integrity": "sha512-R7bAtSkk7nY6O/OYMVR9RiBI+XghjF9rlbl5806HJbQph0LJVHZrU5oaO4q70eUKiqMRqm4y07KLTlMZ2BlVmg==",
			"requires": {
				"loose-envify": "^1.4.0",
				"symbol-observable": "^1.2.0"
			}
		},
		"redux-thunk": {
			"version": "2.3.0",
			"resolved": "https://registry.npmjs.org/redux-thunk/-/redux-thunk-2.3.0.tgz",
			"integrity": "sha512-km6dclyFnmcvxhAcrQV2AkZmPQjzPDjgVlQtR0EQjxZPyJ0BnMf3in1ryuR8A2qU0HldVRfxYXbFSKlI3N7Slw=="
		},
		"sling-assets": {
			"version": "1.13.1",
			"resolved": "https://registry.npmjs.org/sling-assets/-/sling-assets-1.13.1.tgz",
			"integrity": "sha512-dN0YgdYGa6g7zlmcGokDAUO/Hd28pD2V6ZVXwZ5bTB7ZI9IOsW/9F0O9TZKzj5OBUl+jlZdZbH7WVzzAIULT/w=="
		},
		"sling-framework": {
			"version": "1.12.3",
			"resolved": "https://registry.npmjs.org/sling-framework/-/sling-framework-1.12.3.tgz",
			"integrity": "sha512-0ZRjTmz+NIpe9S7pzBVZdx7LUC2uKGJ7bbLi8bMw5ORpEr6hIupWmiJLC5VgeDSafIj7tI92qvJRsOvRW5Obng==",
			"requires": {
				"sling-helpers": "^1.12.3"
			}
		},
		"sling-helpers": {
			"version": "1.12.3",
			"resolved": "https://registry.npmjs.org/sling-helpers/-/sling-helpers-1.12.3.tgz",
			"integrity": "sha512-CHmDsJ44tTUpMZXtaU1CQ/VV7Z5oOQqHA2c2WKOc6EzMgS50y2BL8+uVqY8qVYjye5CTZTxL5gHu+3Xq8v+8/A==",
			"requires": {
				"is-plain-object": "^2.0.4",
				"moment": "^2.22.2",
				"timm": "^1.6.1"
			}
		},
		"sling-web-component-brand-icon": {
			"version": "1.12.3",
			"resolved": "https://registry.npmjs.org/sling-web-component-brand-icon/-/sling-web-component-brand-icon-1.12.3.tgz",
			"integrity": "sha512-1PXtC4/9IhWrrNtMjjZ31c0QbMIs+qo7POE+SyJuKBDB7epBIUgCnf7c4V0Y5aqCetzDnmWwTu0cMrSMdyh8Ig==",
			"requires": {
				"sling-assets": "^1.12.3",
				"sling-framework": "^1.12.3",
				"sling-helpers": "^1.12.3"
			}
		},
		"sling-web-component-button": {
			"version": "1.12.3",
			"resolved": "https://registry.npmjs.org/sling-web-component-button/-/sling-web-component-button-1.12.3.tgz",
			"integrity": "sha512-P3wBWni6IHL3OJwOx7mD5yulxxh4kdKbgzSlMvNK7GtecM0rz6s6z0z4j3mk3KNOrhDM+ZqSf+jjhgAFA0qTvA==",
			"requires": {
				"sling-framework": "^1.12.3",
				"sling-helpers": "^1.12.3"
			}
		},
		"sling-web-component-form": {
			"version": "1.12.0",
			"resolved": "https://registry.npmjs.org/sling-web-component-form/-/sling-web-component-form-1.12.0.tgz",
			"integrity": "sha512-i+beT1bgUvpQU/Xwgfz8rk8Nfiu3ei696CdHY7aApLgolG7iadr2gjmO8U/YepUiHG4Bk/G9VsduMKZbGdIfew==",
			"requires": {
				"sling-framework": "^1.12.0",
				"sling-helpers": "^1.12.0",
				"sling-web-component-button": "^1.12.0",
				"sling-web-component-input": "^1.12.0"
			}
		},
		"sling-web-component-input": {
			"version": "1.12.3",
			"resolved": "https://registry.npmjs.org/sling-web-component-input/-/sling-web-component-input-1.12.3.tgz",
			"integrity": "sha512-GfDWb1WdE610H2Z7DJqci+0aCGMNrp5xWUX9YDwX7PvQzBp1AoNpe1+U1R5N4e8dIGXhCm34edN9f/o+doR7ng==",
			"requires": {
				"imask": "^4.0.0",
				"sling-framework": "^1.12.3",
				"sling-helpers": "^1.12.3"
			}
		},
		"sling-web-component-loader": {
			"version": "1.12.3",
			"resolved": "https://registry.npmjs.org/sling-web-component-loader/-/sling-web-component-loader-1.12.3.tgz",
			"integrity": "sha512-9ulYJ6Rog/WKbyVW0qVT2VZcCj3RHT5y3z1LKImRIkQe8vYnSK1ENwmOOyJEVj7q+1rm3i4WDhpfAN5h6ezFFg==",
			"requires": {
				"sling-framework": "^1.12.3",
				"sling-helpers": "^1.12.3"
			}
		},
		"sling-web-component-message": {
			"version": "1.12.3",
			"resolved": "https://registry.npmjs.org/sling-web-component-message/-/sling-web-component-message-1.12.3.tgz",
			"integrity": "sha512-H5/DL1KL8QYLg90PP27n5JmZfWyQK+kBjGymBIGVhievipWyg67c77Ow2HEPeMo1Zv0UYweztHvKfyqq70goQA==",
			"requires": {
				"sling-framework": "^1.12.3",
				"sling-helpers": "^1.12.3"
			}
		},
		"sling-web-component-sdk-connect": {
			"version": "1.12.3",
			"resolved": "https://registry.npmjs.org/sling-web-component-sdk-connect/-/sling-web-component-sdk-connect-1.12.3.tgz",
			"integrity": "sha512-1L1y3Rmnt8A6t6wMbpyALV+sgDaC9vExsie2xKHcswKmL6KwFwhz/kV8Hx3zevx4C2jEEAnVqy2y29Isietv+Q==",
			"requires": {
				"sling-helpers": "^1.12.3"
			}
		},
		"sling-web-component-select": {
			"version": "1.12.3",
			"resolved": "https://registry.npmjs.org/sling-web-component-select/-/sling-web-component-select-1.12.3.tgz",
			"integrity": "sha512-MGUCOaGrBmk4ziOXwz1Vrgbrrr3O7EdIV5zXjx5toOD09rFJl2POK0VLLI3qiyiKo8XioyGGK9egCElDdlZkdw==",
			"requires": {
				"sling-framework": "^1.12.3",
				"sling-helpers": "^1.12.3"
			}
		},
		"sling-web-component-table": {
			"version": "1.13.0",
			"resolved": "https://registry.npmjs.org/sling-web-component-table/-/sling-web-component-table-1.13.0.tgz",
			"integrity": "sha512-wSQh/w4wr5TL4sS9BfkO8eDShSeuv2QgPAzKQ++ZPiWtN5u3I3nnqdHe06kRnlbwhFQjlhNo21t7ysxUDfp3PQ==",
			"requires": {
				"imask": "^4.0.0",
				"sling-framework": "^1.12.3",
				"sling-helpers": "^1.12.3",
				"sling-web-component-brand-icon": "^1.12.3",
				"sling-web-component-tooltip": "^1.12.3"
			}
		},
		"sling-web-component-tooltip": {
			"version": "1.12.3",
			"resolved": "https://registry.npmjs.org/sling-web-component-tooltip/-/sling-web-component-tooltip-1.12.3.tgz",
			"integrity": "sha512-5Tzq95F89f6zQInyU0mTL7Ryd+RnYdi2WUyNQHSVenGH1XOCfLYFEDyNmbPYx/Gx31eg+iHEus83lVr/yssy0A==",
			"requires": {
				"sling-framework": "^1.12.3",
				"sling-helpers": "^1.12.3"
			}
		},
		"symbol-observable": {
			"version": "1.2.0",
			"resolved": "https://registry.npmjs.org/symbol-observable/-/symbol-observable-1.2.0.tgz",
			"integrity": "sha512-e900nM8RRtGhlV36KGEU9k65K3mPb1WV70OdjfxlG2EAuM1noi/E/BaW/uMhL7bPEssK8QV57vN3esixjUvcXQ=="
		},
		"timm": {
			"version": "1.6.1",
			"resolved": "https://registry.npmjs.org/timm/-/timm-1.6.1.tgz",
			"integrity": "sha512-hqDTYi/bWuDxL2i6T3v6nrvkAQ/1Bc060GSkVEQZp02zTSTB4CHSKsOkliequCftQaNRcjRqUZmpGWs5FfhrNg=="
		}
	}
}
