{
	"name": "affiliation-merchant-bank-accounts",
	"version": "1.1.2",
	"lockfileVersion": 1,
	"requires": true,
	"dependencies": {
		"customer-js-sdk": {
			"version": "1.13.0",
			"resolved": "https://registry.npmjs.org/customer-js-sdk/-/customer-js-sdk-1.13.0.tgz",
			"integrity": "sha512-XeShe0R9+BU+Ktd9rdkePIvlhiBaATsmCkNCGIw+/HgXN/k0G7Y3ZVAO8PpQ+L+h/PPQQvSa6DWF0Y+msrDU3Q==",
			"requires": {
				"redux": "^4.0.0",
				"redux-thunk": "^2.3.0",
				"sling-helpers": "^1.12.2",
				"sling-web-component-sdk-connect": "^1.7.0"
			},
			"dependencies": {
				"sling-helpers": {
					"version": "1.12.3",
					"resolved": "https://registry.npmjs.org/sling-helpers/-/sling-helpers-1.12.3.tgz",
					"integrity": "sha512-CHmDsJ44tTUpMZXtaU1CQ/VV7Z5oOQqHA2c2WKOc6EzMgS50y2BL8+uVqY8qVYjye5CTZTxL5gHu+3Xq8v+8/A==",
					"requires": {
						"is-plain-object": "^2.0.4",
						"moment": "^2.22.2",
						"timm": "^1.6.1"
					}
				}
			}
		},
		"imask": {
			"version": "4.1.1",
			"resolved": "https://registry.npmjs.org/imask/-/imask-4.1.1.tgz",
			"integrity": "sha512-d/wdi43ftfUYe+FqFlsQ7HXXWdXP7iRyZCWyJJpiLMEwMDTTsPh/EBhKIB2AFtsNkvO1Igvpr6cNvpJdR9AmUQ=="
		},
		"is-plain-object": {
			"version": "2.0.4",
			"resolved": "https://registry.npmjs.org/is-plain-object/-/is-plain-object-2.0.4.tgz",
			"integrity": "sha512-h5PpgXkWitc38BBMYawTYMWJHFZJVnBquFE57xFpjB8pJFiF6gZ+bU+WyI/yqXiFR5mdLsgYNaPe8uao6Uv9Og==",
			"requires": {
				"isobject": "^3.0.1"
			}
		},
		"isobject": {
			"version": "3.0.1",
			"resolved": "https://registry.npmjs.org/isobject/-/isobject-3.0.1.tgz",
			"integrity": "sha1-TkMekrEalzFjaqH5yNHMvP2reN8="
		},
		"js-tokens": {
			"version": "4.0.0",
			"resolved": "https://registry.npmjs.org/js-tokens/-/js-tokens-4.0.0.tgz",
			"integrity": "sha512-RdJUflcE3cUzKiMqQgsCu06FPu9UdIJO0beYbPhHN4k6apgJtifcoCtT9bcxOpYBtpD2kCM6Sbzg4CausW/PKQ=="
		},
		"loose-envify": {
			"version": "1.4.0",
			"resolved": "https://registry.npmjs.org/loose-envify/-/loose-envify-1.4.0.tgz",
			"integrity": "sha512-lyuxPGr/Wfhrlem2CL/UcnUc1zcqKAImBDzukY7Y5F/yQiNdko6+fRLevlw1HgMySw7f611UIY408EtxRSoK3Q==",
			"requires": {
				"js-tokens": "^3.0.0 || ^4.0.0"
			}
		},
		"moment": {
			"version": "2.22.2",
			"resolved": "https://registry.npmjs.org/moment/-/moment-2.22.2.tgz",
			"integrity": "sha1-PCV/mDn8DpP/UxSWMiOeuQeD/2Y="
		},
		"redux": {
			"version": "4.0.1",
			"resolved": "https://registry.npmjs.org/redux/-/redux-4.0.1.tgz",
			"integrity": "sha512-R7bAtSkk7nY6O/OYMVR9RiBI+XghjF9rlbl5806HJbQph0LJVHZrU5oaO4q70eUKiqMRqm4y07KLTlMZ2BlVmg==",
			"requires": {
				"loose-envify": "^1.4.0",
				"symbol-observable": "^1.2.0"
			}
		},
		"redux-thunk": {
			"version": "2.3.0",
			"resolved": "https://registry.npmjs.org/redux-thunk/-/redux-thunk-2.3.0.tgz",
			"integrity": "sha512-km6dclyFnmcvxhAcrQV2AkZmPQjzPDjgVlQtR0EQjxZPyJ0BnMf3in1ryuR8A2qU0HldVRfxYXbFSKlI3N7Slw=="
		},
		"sling-framework": {
			"version": "1.11.3",
			"resolved": "https://registry.npmjs.org/sling-framework/-/sling-framework-1.11.3.tgz",
			"integrity": "sha512-mpZ3TRnHUiieUQc2Ea1T/+gBc/xmbQpk3E0D6Biy4tgbpG157eEMWi/fvEuyyRuRBFBkxUyY6U54zkKXkr6aDA==",
			"requires": {
				"sling-helpers": "^1.11.3"
			}
		},
		"sling-helpers": {
			"version": "1.11.3",
			"resolved": "https://registry.npmjs.org/sling-helpers/-/sling-helpers-1.11.3.tgz",
			"integrity": "sha512-b1ZDUtadGRlOF4vw3jq5Mp/3uSp7T8wLaZrHYnrhhiYQ30i6N+0pnjqgsLV5ZpshZ76/6jO/ozSiUt/eYgwMCA==",
			"requires": {
				"moment": "^2.22.2"
			}
		},
		"sling-web-component-brand-icon": {
			"version": "1.11.3",
			"resolved": "https://registry.npmjs.org/sling-web-component-brand-icon/-/sling-web-component-brand-icon-1.11.3.tgz",
			"integrity": "sha512-tiGh/jANCufWJMDab+buvYNLEZVnqo+ihARFNzk0/RdEkkIEOWMmhKBdie0l89mFFkjOZADXlj0hV2yr+f5RSQ==",
			"requires": {
				"sling-framework": "^1.11.3",
				"sling-helpers": "^1.11.3"
			}
		},
		"sling-web-component-button": {
			"version": "1.11.3",
			"resolved": "https://registry.npmjs.org/sling-web-component-button/-/sling-web-component-button-1.11.3.tgz",
			"integrity": "sha512-SzUXUIDVREqhMwVBQ4/QckfQuh0IjOd0xZe4CFggwIU8UCVGEB6oUV3pyO4B9x/RgGGJ9H7X6zDfRbVhnK0+HQ==",
			"requires": {
				"sling-framework": "^1.11.3",
				"sling-helpers": "^1.11.3"
			}
		},
		"sling-web-component-form": {
			"version": "1.11.3",
			"resolved": "https://registry.npmjs.org/sling-web-component-form/-/sling-web-component-form-1.11.3.tgz",
			"integrity": "sha512-7/F2uwX8DC41meQgh6OYkOTCkiautgGhax1Rk1jnI04W83gmPZExaSqZtDmOs2huLweVNRXb/wS5L2C8lPwEKw==",
			"requires": {
				"sling-framework": "^1.11.3",
				"sling-helpers": "^1.11.3",
				"sling-web-component-button": "^1.11.3",
				"sling-web-component-input": "^1.11.3"
			}
		},
		"sling-web-component-input": {
			"version": "1.11.3",
			"resolved": "https://registry.npmjs.org/sling-web-component-input/-/sling-web-component-input-1.11.3.tgz",
			"integrity": "sha512-leI2mo9kxexouUmTyIQc0AXuTU8/rosttfJNEHkmWTmDAYsKan0zj3U+jPSizWWAAo44qdet3KkD9ClPXFFtuQ==",
			"requires": {
				"imask": "^4.0.0",
				"sling-framework": "^1.11.3",
				"sling-helpers": "^1.11.3"
			}
		},
		"sling-web-component-loader": {
			"version": "1.11.3",
			"resolved": "https://registry.npmjs.org/sling-web-component-loader/-/sling-web-component-loader-1.11.3.tgz",
			"integrity": "sha512-RlC6wmeolPa6plDV7mX7Gei7xNl/gVUc/VoGv0prhD3pbzbhyrwYxCpI1lIEnkm8BgIMvbTwCmcC9gmnNWti+Q==",
			"requires": {
				"sling-framework": "^1.11.3",
				"sling-helpers": "^1.11.3"
			}
		},
		"sling-web-component-message": {
			"version": "1.11.3",
			"resolved": "https://registry.npmjs.org/sling-web-component-message/-/sling-web-component-message-1.11.3.tgz",
			"integrity": "sha512-nRJlxBzDI+vAAqHf4Wg2m16WT5wXiTPtLmu1ztkfSypKeZmJAh58X6igvZw+TKIueLYvkFlIkDRvTzHJAGBXzg==",
			"requires": {
				"sling-framework": "^1.11.3",
				"sling-helpers": "^1.11.3"
			}
		},
		"sling-web-component-sdk-connect": {
			"version": "1.12.3",
			"resolved": "https://registry.npmjs.org/sling-web-component-sdk-connect/-/sling-web-component-sdk-connect-1.12.3.tgz",
			"integrity": "sha512-1L1y3Rmnt8A6t6wMbpyALV+sgDaC9vExsie2xKHcswKmL6KwFwhz/kV8Hx3zevx4C2jEEAnVqy2y29Isietv+Q==",
			"requires": {
				"sling-helpers": "^1.12.3"
			},
			"dependencies": {
				"sling-helpers": {
					"version": "1.12.3",
					"resolved": "https://registry.npmjs.org/sling-helpers/-/sling-helpers-1.12.3.tgz",
					"integrity": "sha512-CHmDsJ44tTUpMZXtaU1CQ/VV7Z5oOQqHA2c2WKOc6EzMgS50y2BL8+uVqY8qVYjye5CTZTxL5gHu+3Xq8v+8/A==",
					"requires": {
						"is-plain-object": "^2.0.4",
						"moment": "^2.22.2",
						"timm": "^1.6.1"
					}
				}
			}
		},
		"sling-web-component-select": {
			"version": "1.11.3",
			"resolved": "https://registry.npmjs.org/sling-web-component-select/-/sling-web-component-select-1.11.3.tgz",
			"integrity": "sha512-CcfjDZ8dMoI2wor2ClezWvqR7O5gMeLSoNxhbB+OphMo6N7nNGopJkOS4BgO20EpHFh4joOX/3JVdzbUBBahgQ==",
			"requires": {
				"sling-framework": "^1.11.3",
				"sling-helpers": "^1.11.3"
			}
		},
		"sling-web-component-table": {
			"version": "1.11.3",
			"resolved": "https://registry.npmjs.org/sling-web-component-table/-/sling-web-component-table-1.11.3.tgz",
			"integrity": "sha512-MpIQZbpjMRfAHkSLTaKODAFaue7sJgXaXNlJijALIPAH2s6lJFButP2GFyFAlNBR00SY7Csv6COAfd3FYaKAww==",
			"requires": {
				"imask": "^4.0.0",
				"sling-framework": "^1.11.3",
				"sling-helpers": "^1.11.3",
				"sling-web-component-brand-icon": "^1.11.3"
			}
		},
		"symbol-observable": {
			"version": "1.2.0",
			"resolved": "https://registry.npmjs.org/symbol-observable/-/symbol-observable-1.2.0.tgz",
			"integrity": "sha512-e900nM8RRtGhlV36KGEU9k65K3mPb1WV70OdjfxlG2EAuM1noi/E/BaW/uMhL7bPEssK8QV57vN3esixjUvcXQ=="
		},
		"timm": {
			"version": "1.6.1",
			"resolved": "https://registry.npmjs.org/timm/-/timm-1.6.1.tgz",
			"integrity": "sha512-hqDTYi/bWuDxL2i6T3v6nrvkAQ/1Bc060GSkVEQZp02zTSTB4CHSKsOkliequCftQaNRcjRqUZmpGWs5FfhrNg=="
		}
	}
}
