{
	"name": "affiliation-merchant-partners-list",
	"version": "1.0.0",
	"lockfileVersion": 1,
	"requires": true,
	"dependencies": {
		"customer-js-sdk": {
			"version": "1.6.0",
			"resolved": "https://registry.npmjs.org/customer-js-sdk/-/customer-js-sdk-1.6.0.tgz",
			"integrity": "sha512-DxrZsVgTiT9ra4+cxlWDQmgz1IF+/fhHbrgBXzsFLLuSuCyKJvp3+CECdMNeMaE4dwBKmi41TXCFJXCpuBIYiA==",
			"requires": {
				"redux": "^4.0.0",
				"redux-thunk": "^2.3.0",
				"sling-helpers": "^1.10.0",
				"sling-web-component-sdk-connect": "^1.7.0"
			}
		},
		"js-tokens": {
			"version": "4.0.0",
			"resolved": "https://registry.npmjs.org/js-tokens/-/js-tokens-4.0.0.tgz",
			"integrity": "sha512-RdJUflcE3cUzKiMqQgsCu06FPu9UdIJO0beYbPhHN4k6apgJtifcoCtT9bcxOpYBtpD2kCM6Sbzg4CausW/PKQ=="
		},
		"loose-envify": {
			"version": "1.4.0",
			"resolved": "https://registry.npmjs.org/loose-envify/-/loose-envify-1.4.0.tgz",
			"integrity": "sha512-lyuxPGr/Wfhrlem2CL/UcnUc1zcqKAImBDzukY7Y5F/yQiNdko6+fRLevlw1HgMySw7f611UIY408EtxRSoK3Q==",
			"requires": {
				"js-tokens": "^3.0.0 || ^4.0.0"
			}
		},
		"moment": {
			"version": "2.22.2",
			"resolved": "https://registry.npmjs.org/moment/-/moment-2.22.2.tgz",
			"integrity": "sha1-PCV/mDn8DpP/UxSWMiOeuQeD/2Y="
		},
		"redux": {
			"version": "4.0.1",
			"resolved": "https://registry.npmjs.org/redux/-/redux-4.0.1.tgz",
			"integrity": "sha512-R7bAtSkk7nY6O/OYMVR9RiBI+XghjF9rlbl5806HJbQph0LJVHZrU5oaO4q70eUKiqMRqm4y07KLTlMZ2BlVmg==",
			"requires": {
				"loose-envify": "^1.4.0",
				"symbol-observable": "^1.2.0"
			}
		},
		"redux-thunk": {
			"version": "2.3.0",
			"resolved": "https://registry.npmjs.org/redux-thunk/-/redux-thunk-2.3.0.tgz",
			"integrity": "sha512-km6dclyFnmcvxhAcrQV2AkZmPQjzPDjgVlQtR0EQjxZPyJ0BnMf3in1ryuR8A2qU0HldVRfxYXbFSKlI3N7Slw=="
		},
		"sling-framework": {
			"version": "1.11.5",
			"resolved": "https://registry.npmjs.org/sling-framework/-/sling-framework-1.11.5.tgz",
			"integrity": "sha512-J9vhJsmk4dvgeGKGrk1Pa38lJo4h8df+yt6YbfoMgc3bLRq2WB1hc5OPV6ReI7yBngXwiCSUbUbyboJpcrZBBg==",
			"requires": {
				"sling-helpers": "^1.11.5"
			},
			"dependencies": {
				"sling-helpers": {
					"version": "1.11.5",
					"resolved": "https://registry.npmjs.org/sling-helpers/-/sling-helpers-1.11.5.tgz",
					"integrity": "sha512-aeHx4D6nTUVlcajkBr3YxRmP3oxgL2pnZr1YcDzpwt6j37tEthTPQedVVLePANgRYreU4/vGz5Fz5miHafozYg==",
					"requires": {
						"moment": "^2.22.2"
					}
				}
			}
		},
		"sling-helpers": {
			"version": "1.10.0",
			"resolved": "https://registry.npmjs.org/sling-helpers/-/sling-helpers-1.10.0.tgz",
			"integrity": "sha512-z0CVqZZyY8+CNjafyi32HNc7MLFL+K95qxZ+DXfo2m4UrUaFSzqInGssYO5sHAy2FDpbkJBf7Tx4EDn83Bxm+w==",
			"requires": {
				"moment": "^2.22.2"
			}
		},
		"sling-web-component-list": {
			"version": "1.11.5",
			"resolved": "https://registry.npmjs.org/sling-web-component-list/-/sling-web-component-list-1.11.5.tgz",
			"integrity": "sha512-VAm4BY3IRrGMnimHfXlIDl/wj1wXEK26puUC6VvNGjuYCFut9cKYELntslG7IIZs1AeiRAt5UzfM6cdu3MkO5g==",
			"requires": {
				"sling-framework": "^1.11.5",
				"sling-helpers": "^1.11.5"
			},
			"dependencies": {
				"sling-helpers": {
					"version": "1.11.5",
					"resolved": "https://registry.npmjs.org/sling-helpers/-/sling-helpers-1.11.5.tgz",
					"integrity": "sha512-aeHx4D6nTUVlcajkBr3YxRmP3oxgL2pnZr1YcDzpwt6j37tEthTPQedVVLePANgRYreU4/vGz5Fz5miHafozYg==",
					"requires": {
						"moment": "^2.22.2"
					}
				}
			}
		},
		"sling-web-component-sdk-connect": {
			"version": "1.11.5",
			"resolved": "https://registry.npmjs.org/sling-web-component-sdk-connect/-/sling-web-component-sdk-connect-1.11.5.tgz",
			"integrity": "sha512-b2t+m9stMb7VApiDH5RgUlqetCpDFEQ2dLhGIvlhxMUlSkSB/hTXXM4wy2hEaCScWO6D6I+c0k9zJfERNZklPw==",
			"requires": {
				"sling-helpers": "^1.11.5"
			},
			"dependencies": {
				"sling-helpers": {
					"version": "1.11.5",
					"resolved": "https://registry.npmjs.org/sling-helpers/-/sling-helpers-1.11.5.tgz",
					"integrity": "sha512-aeHx4D6nTUVlcajkBr3YxRmP3oxgL2pnZr1YcDzpwt6j37tEthTPQedVVLePANgRYreU4/vGz5Fz5miHafozYg==",
					"requires": {
						"moment": "^2.22.2"
					}
				}
			}
		},
		"symbol-observable": {
			"version": "1.2.0",
			"resolved": "https://registry.npmjs.org/symbol-observable/-/symbol-observable-1.2.0.tgz",
			"integrity": "sha512-e900nM8RRtGhlV36KGEU9k65K3mPb1WV70OdjfxlG2EAuM1noi/E/BaW/uMhL7bPEssK8QV57vN3esixjUvcXQ=="
		}
	}
}
