{
	"name": "affiliation-merchant-bank-accounts-list",
	"version": "1.0.3",
	"lockfileVersion": 1,
	"requires": true,
	"dependencies": {
		"customer-js-sdk": {
			"version": "1.26.0",
			"resolved": "https://registry.npmjs.org/customer-js-sdk/-/customer-js-sdk-1.26.0.tgz",
			"integrity": "sha512-xZpqh1Ub4a7+VbdU9daQJ93eVrg1qHghjR483b5lyom0+f6ULATCWox8nHxwQUmFwRrfrRUSPL5d4+9l2r5W8A==",
			"requires": {
				"redux": "^4.0.0",
				"redux-thunk": "^2.3.0",
				"sling-helpers": "^1.12.2",
				"sling-web-component-sdk-connect": "^1.7.0"
			}
		},
		"is-plain-object": {
			"version": "2.0.4",
			"resolved": "https://registry.npmjs.org/is-plain-object/-/is-plain-object-2.0.4.tgz",
			"integrity": "sha512-h5PpgXkWitc38BBMYawTYMWJHFZJVnBquFE57xFpjB8pJFiF6gZ+bU+WyI/yqXiFR5mdLsgYNaPe8uao6Uv9Og==",
			"requires": {
				"isobject": "^3.0.1"
			}
		},
		"isobject": {
			"version": "3.0.1",
			"resolved": "https://registry.npmjs.org/isobject/-/isobject-3.0.1.tgz",
			"integrity": "sha1-TkMekrEalzFjaqH5yNHMvP2reN8="
		},
		"js-tokens": {
			"version": "4.0.0",
			"resolved": "https://registry.npmjs.org/js-tokens/-/js-tokens-4.0.0.tgz",
			"integrity": "sha512-RdJUflcE3cUzKiMqQgsCu06FPu9UdIJO0beYbPhHN4k6apgJtifcoCtT9bcxOpYBtpD2kCM6Sbzg4CausW/PKQ=="
		},
		"loose-envify": {
			"version": "1.4.0",
			"resolved": "https://registry.npmjs.org/loose-envify/-/loose-envify-1.4.0.tgz",
			"integrity": "sha512-lyuxPGr/Wfhrlem2CL/UcnUc1zcqKAImBDzukY7Y5F/yQiNdko6+fRLevlw1HgMySw7f611UIY408EtxRSoK3Q==",
			"requires": {
				"js-tokens": "^3.0.0 || ^4.0.0"
			}
		},
		"moment": {
			"version": "2.24.0",
			"resolved": "https://registry.npmjs.org/moment/-/moment-2.24.0.tgz",
			"integrity": "sha512-bV7f+6l2QigeBBZSM/6yTNq4P2fNpSWj/0e7jQcy87A8e7o2nAfP/34/2ky5Vw4B9S446EtIhodAzkFCcR4dQg=="
		},
		"redux": {
			"version": "4.0.1",
			"resolved": "https://registry.npmjs.org/redux/-/redux-4.0.1.tgz",
			"integrity": "sha512-R7bAtSkk7nY6O/OYMVR9RiBI+XghjF9rlbl5806HJbQph0LJVHZrU5oaO4q70eUKiqMRqm4y07KLTlMZ2BlVmg==",
			"requires": {
				"loose-envify": "^1.4.0",
				"symbol-observable": "^1.2.0"
			}
		},
		"redux-thunk": {
			"version": "2.3.0",
			"resolved": "https://registry.npmjs.org/redux-thunk/-/redux-thunk-2.3.0.tgz",
			"integrity": "sha512-km6dclyFnmcvxhAcrQV2AkZmPQjzPDjgVlQtR0EQjxZPyJ0BnMf3in1ryuR8A2qU0HldVRfxYXbFSKlI3N7Slw=="
		},
		"sling-framework": {
			"version": "1.12.3",
			"resolved": "https://registry.npmjs.org/sling-framework/-/sling-framework-1.12.3.tgz",
			"integrity": "sha512-0ZRjTmz+NIpe9S7pzBVZdx7LUC2uKGJ7bbLi8bMw5ORpEr6hIupWmiJLC5VgeDSafIj7tI92qvJRsOvRW5Obng==",
			"requires": {
				"sling-helpers": "^1.12.3"
			}
		},
		"sling-helpers": {
			"version": "1.12.3",
			"resolved": "https://registry.npmjs.org/sling-helpers/-/sling-helpers-1.12.3.tgz",
			"integrity": "sha512-CHmDsJ44tTUpMZXtaU1CQ/VV7Z5oOQqHA2c2WKOc6EzMgS50y2BL8+uVqY8qVYjye5CTZTxL5gHu+3Xq8v+8/A==",
			"requires": {
				"is-plain-object": "^2.0.4",
				"moment": "^2.22.2",
				"timm": "^1.6.1"
			}
		},
		"sling-web-component-list": {
			"version": "1.12.3",
			"resolved": "https://registry.npmjs.org/sling-web-component-list/-/sling-web-component-list-1.12.3.tgz",
			"integrity": "sha512-rT+C0Kxopgd1GL5fbpu6kvPNm7r1sLDxoPbNYrGdUssAspSLe+cqr7zGKI8bxA43eHV5HzbIq1pcwbon2b5a5Q==",
			"requires": {
				"sling-framework": "^1.12.3",
				"sling-helpers": "^1.12.3"
			}
		},
		"sling-web-component-sdk-connect": {
			"version": "1.12.3",
			"resolved": "https://registry.npmjs.org/sling-web-component-sdk-connect/-/sling-web-component-sdk-connect-1.12.3.tgz",
			"integrity": "sha512-1L1y3Rmnt8A6t6wMbpyALV+sgDaC9vExsie2xKHcswKmL6KwFwhz/kV8Hx3zevx4C2jEEAnVqy2y29Isietv+Q==",
			"requires": {
				"sling-helpers": "^1.12.3"
			}
		},
		"symbol-observable": {
			"version": "1.2.0",
			"resolved": "https://registry.npmjs.org/symbol-observable/-/symbol-observable-1.2.0.tgz",
			"integrity": "sha512-e900nM8RRtGhlV36KGEU9k65K3mPb1WV70OdjfxlG2EAuM1noi/E/BaW/uMhL7bPEssK8QV57vN3esixjUvcXQ=="
		},
		"timm": {
			"version": "1.6.1",
			"resolved": "https://registry.npmjs.org/timm/-/timm-1.6.1.tgz",
			"integrity": "sha512-hqDTYi/bWuDxL2i6T3v6nrvkAQ/1Bc060GSkVEQZp02zTSTB4CHSKsOkliequCftQaNRcjRqUZmpGWs5FfhrNg=="
		}
	}
}
