{
	"name": "affiliation-merchant-addresses",
	"version": "1.2.0",
	"lockfileVersion": 1,
	"requires": true,
	"dependencies": {
		"customer-js-sdk": {
			"version": "1.15.0",
			"resolved": "https://registry.npmjs.org/customer-js-sdk/-/customer-js-sdk-1.15.0.tgz",
			"integrity": "sha512-CJ/lqTigrolyyl/zyOiLoo15j4iAKuN7mPl4fzKMW878h9O7wF4Al1qe5a75EsM4XLdPmXmMaF9ROCZbOggCUg==",
			"requires": {
				"redux": "^4.0.0",
				"redux-thunk": "^2.3.0",
				"sling-helpers": "^1.12.2",
				"sling-web-component-sdk-connect": "^1.7.0"
			},
			"dependencies": {
				"sling-helpers": {
					"version": "1.12.3",
					"resolved": "https://registry.npmjs.org/sling-helpers/-/sling-helpers-1.12.3.tgz",
					"integrity": "sha512-CHmDsJ44tTUpMZXtaU1CQ/VV7Z5oOQqHA2c2WKOc6EzMgS50y2BL8+uVqY8qVYjye5CTZTxL5gHu+3Xq8v+8/A==",
					"requires": {
						"is-plain-object": "^2.0.4",
						"moment": "^2.22.2",
						"timm": "^1.6.1"
					}
				}
			}
		},
		"imask": {
			"version": "4.1.0",
			"resolved": "https://registry.npmjs.org/imask/-/imask-4.1.0.tgz",
			"integrity": "sha512-VGhG5SitE3mD6aIr1fjS31d9cEoFcuEYuk+PApq56PUdCpkDdp3TAnz3pFo9reoAJvOAwrRbapAnC+loeUjftw=="
		},
		"is-plain-object": {
			"version": "2.0.4",
			"resolved": "https://registry.npmjs.org/is-plain-object/-/is-plain-object-2.0.4.tgz",
			"integrity": "sha512-h5PpgXkWitc38BBMYawTYMWJHFZJVnBquFE57xFpjB8pJFiF6gZ+bU+WyI/yqXiFR5mdLsgYNaPe8uao6Uv9Og==",
			"requires": {
				"isobject": "^3.0.1"
			}
		},
		"isobject": {
			"version": "3.0.1",
			"resolved": "https://registry.npmjs.org/isobject/-/isobject-3.0.1.tgz",
			"integrity": "sha1-TkMekrEalzFjaqH5yNHMvP2reN8="
		},
		"js-tokens": {
			"version": "4.0.0",
			"resolved": "https://registry.npmjs.org/js-tokens/-/js-tokens-4.0.0.tgz",
			"integrity": "sha512-RdJUflcE3cUzKiMqQgsCu06FPu9UdIJO0beYbPhHN4k6apgJtifcoCtT9bcxOpYBtpD2kCM6Sbzg4CausW/PKQ=="
		},
		"loose-envify": {
			"version": "1.4.0",
			"resolved": "https://registry.npmjs.org/loose-envify/-/loose-envify-1.4.0.tgz",
			"integrity": "sha512-lyuxPGr/Wfhrlem2CL/UcnUc1zcqKAImBDzukY7Y5F/yQiNdko6+fRLevlw1HgMySw7f611UIY408EtxRSoK3Q==",
			"requires": {
				"js-tokens": "^3.0.0 || ^4.0.0"
			}
		},
		"moment": {
			"version": "2.22.2",
			"resolved": "https://registry.npmjs.org/moment/-/moment-2.22.2.tgz",
			"integrity": "sha1-PCV/mDn8DpP/UxSWMiOeuQeD/2Y="
		},
		"redux": {
			"version": "4.0.1",
			"resolved": "https://registry.npmjs.org/redux/-/redux-4.0.1.tgz",
			"integrity": "sha512-R7bAtSkk7nY6O/OYMVR9RiBI+XghjF9rlbl5806HJbQph0LJVHZrU5oaO4q70eUKiqMRqm4y07KLTlMZ2BlVmg==",
			"requires": {
				"loose-envify": "^1.4.0",
				"symbol-observable": "^1.2.0"
			}
		},
		"redux-thunk": {
			"version": "2.3.0",
			"resolved": "https://registry.npmjs.org/redux-thunk/-/redux-thunk-2.3.0.tgz",
			"integrity": "sha512-km6dclyFnmcvxhAcrQV2AkZmPQjzPDjgVlQtR0EQjxZPyJ0BnMf3in1ryuR8A2qU0HldVRfxYXbFSKlI3N7Slw=="
		},
		"sling-framework": {
			"version": "1.9.0",
			"resolved": "https://registry.npmjs.org/sling-framework/-/sling-framework-1.9.0.tgz",
			"integrity": "sha512-VhJc5s6EuWYNdTgmFSPQ/kRCF0MMQ3HPTA0/a7CMWXSc23SlEob8RxwIqqKkv+Y4hWVnOODzAWRurf0QbABbsA==",
			"requires": {
				"sling-helpers": "^1.9.0"
			},
			"dependencies": {
				"sling-helpers": {
					"version": "1.9.1",
					"resolved": "https://registry.npmjs.org/sling-helpers/-/sling-helpers-1.9.1.tgz",
					"integrity": "sha512-+IK+fjR1ZDiMxyzPXBs2z4XCH1EGcsKjCJBt+lOGYxHrtfumlUPKwJEZT713a3BFclcV6D/hTEtWIrsqNJQ8Eg==",
					"requires": {
						"moment": "^2.22.2"
					}
				}
			}
		},
		"sling-helpers": {
			"version": "1.10.0",
			"resolved": "https://registry.npmjs.org/sling-helpers/-/sling-helpers-1.10.0.tgz",
			"integrity": "sha512-z0CVqZZyY8+CNjafyi32HNc7MLFL+K95qxZ+DXfo2m4UrUaFSzqInGssYO5sHAy2FDpbkJBf7Tx4EDn83Bxm+w==",
			"requires": {
				"moment": "^2.22.2"
			}
		},
		"sling-web-component-brand-icon": {
			"version": "1.8.0",
			"resolved": "https://registry.npmjs.org/sling-web-component-brand-icon/-/sling-web-component-brand-icon-1.8.0.tgz",
			"integrity": "sha512-A3bDyLMNnnBOf4B6w5p2fEL3WqSoOE8bOnBRsUrA5BHjP7RTXrdlkB5Sk9vXCqjc5CTWrJouobrgJlq21dphvA==",
			"requires": {
				"sling-framework": "^1.8.0",
				"sling-helpers": "^1.8.0"
			},
			"dependencies": {
				"sling-helpers": {
					"version": "1.9.1",
					"resolved": "https://registry.npmjs.org/sling-helpers/-/sling-helpers-1.9.1.tgz",
					"integrity": "sha512-+IK+fjR1ZDiMxyzPXBs2z4XCH1EGcsKjCJBt+lOGYxHrtfumlUPKwJEZT713a3BFclcV6D/hTEtWIrsqNJQ8Eg==",
					"requires": {
						"moment": "^2.22.2"
					}
				}
			}
		},
		"sling-web-component-button": {
			"version": "1.8.0",
			"resolved": "https://registry.npmjs.org/sling-web-component-button/-/sling-web-component-button-1.8.0.tgz",
			"integrity": "sha512-pcjaX8qO5tpXIdDjSUYouOsEa3H7tAFXNiec54wzASjdGFGxr88gtDGWntFOqzt1pDAJ4rt/8ZHTqml6muUMUw==",
			"requires": {
				"sling-framework": "^1.8.0",
				"sling-helpers": "^1.8.0"
			},
			"dependencies": {
				"sling-helpers": {
					"version": "1.9.1",
					"resolved": "https://registry.npmjs.org/sling-helpers/-/sling-helpers-1.9.1.tgz",
					"integrity": "sha512-+IK+fjR1ZDiMxyzPXBs2z4XCH1EGcsKjCJBt+lOGYxHrtfumlUPKwJEZT713a3BFclcV6D/hTEtWIrsqNJQ8Eg==",
					"requires": {
						"moment": "^2.22.2"
					}
				}
			}
		},
		"sling-web-component-form": {
			"version": "1.8.0",
			"resolved": "https://registry.npmjs.org/sling-web-component-form/-/sling-web-component-form-1.8.0.tgz",
			"integrity": "sha512-6UfjE5NcodgJdzgHVqWjuc1fxCAV2G88gEt5XLqMACGwBQ3IxQneIkWtaWk4afHtdeGlrJWHULZUFWjmUsi1xg==",
			"requires": {
				"sling-framework": "^1.8.0",
				"sling-helpers": "^1.8.0",
				"sling-web-component-button": "^1.8.0",
				"sling-web-component-input": "^1.8.0"
			},
			"dependencies": {
				"sling-helpers": {
					"version": "1.9.1",
					"resolved": "https://registry.npmjs.org/sling-helpers/-/sling-helpers-1.9.1.tgz",
					"integrity": "sha512-+IK+fjR1ZDiMxyzPXBs2z4XCH1EGcsKjCJBt+lOGYxHrtfumlUPKwJEZT713a3BFclcV6D/hTEtWIrsqNJQ8Eg==",
					"requires": {
						"moment": "^2.22.2"
					}
				}
			}
		},
		"sling-web-component-input": {
			"version": "1.8.0",
			"resolved": "https://registry.npmjs.org/sling-web-component-input/-/sling-web-component-input-1.8.0.tgz",
			"integrity": "sha512-ls2feKSJyxggmWbynYARsDIp8un0UCaXMC5ZneQ8akgqXKd/0X2I9uU8i7pKKfF3kgh8WoHISZ9uT/zG34wrQw==",
			"requires": {
				"imask": "^4.0.0",
				"sling-framework": "^1.8.0",
				"sling-helpers": "^1.8.0"
			},
			"dependencies": {
				"sling-helpers": {
					"version": "1.9.1",
					"resolved": "https://registry.npmjs.org/sling-helpers/-/sling-helpers-1.9.1.tgz",
					"integrity": "sha512-+IK+fjR1ZDiMxyzPXBs2z4XCH1EGcsKjCJBt+lOGYxHrtfumlUPKwJEZT713a3BFclcV6D/hTEtWIrsqNJQ8Eg==",
					"requires": {
						"moment": "^2.22.2"
					}
				}
			}
		},
		"sling-web-component-loader": {
			"version": "1.8.0",
			"resolved": "https://registry.npmjs.org/sling-web-component-loader/-/sling-web-component-loader-1.8.0.tgz",
			"integrity": "sha512-75WAlpa0BPKjIYv88ajeeypZahMw7irfD6Qi9raui9pFQjQKb3lbw9jgmzXaxYHFKhQCTQdejhKRW0vPIZmUhQ==",
			"requires": {
				"sling-framework": "^1.8.0",
				"sling-helpers": "^1.8.0"
			},
			"dependencies": {
				"sling-helpers": {
					"version": "1.9.1",
					"resolved": "https://registry.npmjs.org/sling-helpers/-/sling-helpers-1.9.1.tgz",
					"integrity": "sha512-+IK+fjR1ZDiMxyzPXBs2z4XCH1EGcsKjCJBt+lOGYxHrtfumlUPKwJEZT713a3BFclcV6D/hTEtWIrsqNJQ8Eg==",
					"requires": {
						"moment": "^2.22.2"
					}
				}
			}
		},
		"sling-web-component-message": {
			"version": "1.8.0",
			"resolved": "https://registry.npmjs.org/sling-web-component-message/-/sling-web-component-message-1.8.0.tgz",
			"integrity": "sha512-nTOk7T9rWuVnFYlFLwIfD5287bkIxQdHocPFVq6a5Bq7dNeFZ3ubQMe9rqPJKZZZScLkE+8Z/+Sl33Mvlmw3bA==",
			"requires": {
				"sling-framework": "^1.8.0",
				"sling-helpers": "^1.8.0"
			},
			"dependencies": {
				"sling-helpers": {
					"version": "1.9.1",
					"resolved": "https://registry.npmjs.org/sling-helpers/-/sling-helpers-1.9.1.tgz",
					"integrity": "sha512-+IK+fjR1ZDiMxyzPXBs2z4XCH1EGcsKjCJBt+lOGYxHrtfumlUPKwJEZT713a3BFclcV6D/hTEtWIrsqNJQ8Eg==",
					"requires": {
						"moment": "^2.22.2"
					}
				}
			}
		},
		"sling-web-component-sdk-connect": {
			"version": "1.12.3",
			"resolved": "https://registry.npmjs.org/sling-web-component-sdk-connect/-/sling-web-component-sdk-connect-1.12.3.tgz",
			"integrity": "sha512-1L1y3Rmnt8A6t6wMbpyALV+sgDaC9vExsie2xKHcswKmL6KwFwhz/kV8Hx3zevx4C2jEEAnVqy2y29Isietv+Q==",
			"requires": {
				"sling-helpers": "^1.12.3"
			},
			"dependencies": {
				"sling-helpers": {
					"version": "1.12.3",
					"resolved": "https://registry.npmjs.org/sling-helpers/-/sling-helpers-1.12.3.tgz",
					"integrity": "sha512-CHmDsJ44tTUpMZXtaU1CQ/VV7Z5oOQqHA2c2WKOc6EzMgS50y2BL8+uVqY8qVYjye5CTZTxL5gHu+3Xq8v+8/A==",
					"requires": {
						"is-plain-object": "^2.0.4",
						"moment": "^2.22.2",
						"timm": "^1.6.1"
					}
				}
			}
		},
		"sling-web-component-select": {
			"version": "1.8.0",
			"resolved": "https://registry.npmjs.org/sling-web-component-select/-/sling-web-component-select-1.8.0.tgz",
			"integrity": "sha512-C4QD1qHhjcdo/k4WpeN3wiZ6gIF3Pp/szxlKTNa/tKRi3GY2T4TvPt8QDGHFd5hkxJ4OQs3qRFR5vE5HbOoYTQ==",
			"requires": {
				"sling-framework": "^1.8.0",
				"sling-helpers": "^1.8.0"
			},
			"dependencies": {
				"sling-helpers": {
					"version": "1.9.1",
					"resolved": "https://registry.npmjs.org/sling-helpers/-/sling-helpers-1.9.1.tgz",
					"integrity": "sha512-+IK+fjR1ZDiMxyzPXBs2z4XCH1EGcsKjCJBt+lOGYxHrtfumlUPKwJEZT713a3BFclcV6D/hTEtWIrsqNJQ8Eg==",
					"requires": {
						"moment": "^2.22.2"
					}
				}
			}
		},
		"sling-web-component-table": {
			"version": "1.8.0",
			"resolved": "https://registry.npmjs.org/sling-web-component-table/-/sling-web-component-table-1.8.0.tgz",
			"integrity": "sha512-bGK/p4iQEwejkHrrBJN4nnA//E3j4QaHhVSkjB6s4VDL4ETyxiOb2p5CHvM/LQLpcycSA/S3TfDmBcuUMIPgIg==",
			"requires": {
				"imask": "^4.0.0",
				"sling-framework": "^1.8.0",
				"sling-helpers": "^1.8.0",
				"sling-web-component-brand-icon": "^1.8.0"
			},
			"dependencies": {
				"sling-helpers": {
					"version": "1.9.1",
					"resolved": "https://registry.npmjs.org/sling-helpers/-/sling-helpers-1.9.1.tgz",
					"integrity": "sha512-+IK+fjR1ZDiMxyzPXBs2z4XCH1EGcsKjCJBt+lOGYxHrtfumlUPKwJEZT713a3BFclcV6D/hTEtWIrsqNJQ8Eg==",
					"requires": {
						"moment": "^2.22.2"
					}
				}
			}
		},
		"symbol-observable": {
			"version": "1.2.0",
			"resolved": "https://registry.npmjs.org/symbol-observable/-/symbol-observable-1.2.0.tgz",
			"integrity": "sha512-e900nM8RRtGhlV36KGEU9k65K3mPb1WV70OdjfxlG2EAuM1noi/E/BaW/uMhL7bPEssK8QV57vN3esixjUvcXQ=="
		},
		"timm": {
			"version": "1.6.1",
			"resolved": "https://registry.npmjs.org/timm/-/timm-1.6.1.tgz",
			"integrity": "sha512-hqDTYi/bWuDxL2i6T3v6nrvkAQ/1Bc060GSkVEQZp02zTSTB4CHSKsOkliequCftQaNRcjRqUZmpGWs5FfhrNg=="
		}
	}
}
